
Microsoft Visual Studio Solution File, Format Version 11.00
# Visual Studio 2010
Project("{FAE04EC0-301F-11D3-BF4B-00C04F79EFBC}") = "QuickSort", "QuickSort\QuickSort.csproj", "{16FC5395-2A83-4E3F-931B-2EE4FB6E583F}"
EndProject
Global
	GlobalSection(SolutionConfigurationPlatforms) = preSolution
		Debug|x86 = Debug|x86
		Release|x86 = Release|x86
	EndGlobalSection
	GlobalSection(ProjectConfigurationPlatforms) = postSolution
		{16FC5395-2A83-4E3F-931B-2EE4FB6E583F}.Debug|x86.ActiveCfg = Debug|x86
		{16FC5395-2A83-4E3F-931B-2EE4FB6E583F}.Debug|x86.Build.0 = Debug|x86
		{16FC5395-2A83-4E3F-931B-2EE4FB6E583F}.Release|x86.ActiveCfg = Release|x86
		{16FC5395-2A83-4E3F-931B-2EE4FB6E583F}.Release|x86.Build.0 = Release|x86
	EndGlobalSection
	GlobalSection(SolutionProperties) = preSolution
		HideSolutionNode = FALSE
	EndGlobalSection
EndGlobal
